
Microsoft Visual Studio Solution File, Format Version 12.00
# Visual Studio Version 17
VisualStudioVersion = 17.4.33205.214
MinimumVisualStudioVersion = 10.0.40219.1
Project("{FAE04EC0-301F-11D3-BF4B-00C04F79EFBC}") = "capstone_dotnetframework", "capstone-dotnetframework\capstone_dotnetframework.csproj", "{CC9CC142-D831-4938-A8D9-E909AB507425}"
EndProject
Global
	GlobalSection(SolutionConfigurationPlatforms) = preSolution
		Debug|Any CPU = Debug|Any CPU
		Release|Any CPU = Release|Any CPU
	EndGlobalSection
	GlobalSection(ProjectConfigurationPlatforms) = postSolution
		{CC9CC142-D831-4938-A8D9-E909AB507425}.Debug|Any CPU.ActiveCfg = Debug|Any CPU
		{CC9CC142-D831-4938-A8D9-E909AB507425}.Debug|Any CPU.Build.0 = Debug|Any CPU
		{CC9CC142-D831-4938-A8D9-E909AB507425}.Release|Any CPU.ActiveCfg = Release|Any CPU
		{CC9CC142-D831-4938-A8D9-E909AB507425}.Release|Any CPU.Build.0 = Release|Any CPU
	EndGlobalSection
	GlobalSection(SolutionProperties) = preSolution
		HideSolutionNode = FALSE
	EndGlobalSection
	GlobalSection(ExtensibilityGlobals) = postSolution
		SolutionGuid = {CC7633B5-2856-4E6B-AC82-42AB7ABE6432}
	EndGlobalSection
EndGlobal
